
Microsoft Visual Studio Solution File, Format Version 12.00
# Visual Studio Version 16
VisualStudioVersion = 16.0.30413.136
MinimumVisualStudioVersion = 10.0.40219.1
Project("{FAE04EC0-301F-11D3-BF4B-00C04F79EFBC}") = "CanIBuyBeer", "CanIBuyBeer\CanIBuyBeer.csproj", "{C0693373-8267-49D3-8251-005D764A2F68}"
EndProject
Global
	GlobalSection(SolutionConfigurationPlatforms) = preSolution
		Debug|Any CPU = Debug|Any CPU
		Release|Any CPU = Release|Any CPU
	EndGlobalSection
	GlobalSection(ProjectConfigurationPlatforms) = postSolution
		{C0693373-8267-49D3-8251-005D764A2F68}.Debug|Any CPU.ActiveCfg = Debug|Any CPU
		{C0693373-8267-49D3-8251-005D764A2F68}.Debug|Any CPU.Build.0 = Debug|Any CPU
		{C0693373-8267-49D3-8251-005D764A2F68}.Release|Any CPU.ActiveCfg = Release|Any CPU
		{C0693373-8267-49D3-8251-005D764A2F68}.Release|Any CPU.Build.0 = Release|Any CPU
	EndGlobalSection
	GlobalSection(SolutionProperties) = preSolution
		HideSolutionNode = FALSE
	EndGlobalSection
	GlobalSection(ExtensibilityGlobals) = postSolution
		SolutionGuid = {352DAB2F-C57D-4807-8DC0-2C39FEF69814}
	EndGlobalSection
EndGlobal
